
Microsoft Visual Studio Solution File, Format Version 12.00
# Visual Studio Version 16
VisualStudioVersion = 16.0.31005.135
MinimumVisualStudioVersion = 10.0.40219.1
Project("{FAE04EC0-301F-11D3-BF4B-00C04F79EFBC}") = "ElsaWorkFlow", "ElsaWorkFlow\ElsaWorkFlow.csproj", "{835BFB26-18B6-46A9-BCCA-CC18FEDF3C0C}"
EndProject
Global
	GlobalSection(SolutionConfigurationPlatforms) = preSolution
		Debug|Any CPU = Debug|Any CPU
		Release|Any CPU = Release|Any CPU
	EndGlobalSection
	GlobalSection(ProjectConfigurationPlatforms) = postSolution
		{835BFB26-18B6-46A9-BCCA-CC18FEDF3C0C}.Debug|Any CPU.ActiveCfg = Debug|Any CPU
		{835BFB26-18B6-46A9-BCCA-CC18FEDF3C0C}.Debug|Any CPU.Build.0 = Debug|Any CPU
		{835BFB26-18B6-46A9-BCCA-CC18FEDF3C0C}.Release|Any CPU.ActiveCfg = Release|Any CPU
		{835BFB26-18B6-46A9-BCCA-CC18FEDF3C0C}.Release|Any CPU.Build.0 = Release|Any CPU
	EndGlobalSection
	GlobalSection(SolutionProperties) = preSolution
		HideSolutionNode = FALSE
	EndGlobalSection
	GlobalSection(ExtensibilityGlobals) = postSolution
		SolutionGuid = {29FD47B6-7158-4296-9535-81B7055CA254}
	EndGlobalSection
EndGlobal
